// !$*UTF8*$!
{
	archiveVersion = 1;
	classes = {
	};
	objectVersion = 50;
	objects = {

/* Begin PBXBuildFile section */
		588C58CB228FC2DF00D0F305 /* utilityFile.swift in Sources */ = {isa = PBXBuildFile; fileRef = 588C58CA228FC2DF00D0F305 /* utilityFile.swift */; };
		588C58CF2290854000D0F305 /* appSearchResult.swift in Sources */ = {isa = PBXBuildFile; fileRef = 588C58CE2290854000D0F305 /* appSearchResult.swift */; };
		58E2524C228E264D00E1B43C /* AppDelegate.swift in Sources */ = {isa = PBXBuildFile; fileRef = 58E2524B228E264D00E1B43C /* AppDelegate.swift */; };
		58E2524E228E264D00E1B43C /* ViewController.swift in Sources */ = {isa = PBXBuildFile; fileRef = 58E2524D228E264D00E1B43C /* ViewController.swift */; };
		58E25251228E264D00E1B43C /* Main.storyboard in Resources */ = {isa = PBXBuildFile; fileRef = 58E2524F228E264D00E1B43C /* Main.storyboard */; };
		58E25256228E264E00E1B43C /* LaunchScreen.storyboard in Resources */ = {isa = PBXBuildFile; fileRef = 58E25254228E264E00E1B43C /* LaunchScreen.storyboard */; };
		58E2525E228E278000E1B43C /* TabBarController.swift in Sources */ = {isa = PBXBuildFile; fileRef = 58E2525D228E278000E1B43C /* TabBarController.swift */; };
		58E25260228E40C800E1B43C /* Assets.xcassets in Resources */ = {isa = PBXBuildFile; fileRef = 58E2525F228E40C800E1B43C /* Assets.xcassets */; };
		58E25263228E58EE00E1B43C /* appSearchViewController.swift in Sources */ = {isa = PBXBuildFile; fileRef = 58E25262228E58EE00E1B43C /* appSearchViewController.swift */; };
		58E25265228EFE9500E1B43C /* searchResultCell.swift in Sources */ = {isa = PBXBuildFile; fileRef = 58E25264228EFE9500E1B43C /* searchResultCell.swift */; };
/* End PBXBuildFile section */

/* Begin PBXFileReference section */
		588C58CA228FC2DF00D0F305 /* utilityFile.swift */ = {isa = PBXFileReference; lastKnownFileType = sourcecode.swift; path = utilityFile.swift; sourceTree = "<group>"; };
		588C58CE2290854000D0F305 /* appSearchResult.swift */ = {isa = PBXFileReference; lastKnownFileType = sourcecode.swift; path = appSearchResult.swift; sourceTree = "<group>"; };
		58E25248228E264D00E1B43C /* AppStore.app */ = {isa = PBXFileReference; explicitFileType = wrapper.application; includeInIndex = 0; path = AppStore.app; sourceTree = BUILT_PRODUCTS_DIR; };
		58E2524B228E264D00E1B43C /* AppDelegate.swift */ = {isa = PBXFileReference; lastKnownFileType = sourcecode.swift; path = AppDelegate.swift; sourceTree = "<group>"; };
		58E2524D228E264D00E1B43C /* ViewController.swift */ = {isa = PBXFileReference; lastKnownFileType = sourcecode.swift; path = ViewController.swift; sourceTree = "<group>"; };
		58E25250228E264D00E1B43C /* Base */ = {isa = PBXFileReference; lastKnownFileType = file.storyboard; name = Base; path = Base.lproj/Main.storyboard; sourceTree = "<group>"; };
		58E25255228E264E00E1B43C /* Base */ = {isa = PBXFileReference; lastKnownFileType = file.storyboard; name = Base; path = Base.lproj/LaunchScreen.storyboard; sourceTree = "<group>"; };
		58E25257228E264E00E1B43C /* Info.plist */ = {isa = PBXFileReference; lastKnownFileType = text.plist.xml; path = Info.plist; sourceTree = "<group>"; };
		58E2525D228E278000E1B43C /* TabBarController.swift */ = {isa = PBXFileReference; lastKnownFileType = sourcecode.swift; path = TabBarController.swift; sourceTree = "<group>"; };
		58E2525F228E40C800E1B43C /* Assets.xcassets */ = {isa = PBXFileReference; lastKnownFileType = folder.assetcatalog; name = Assets.xcassets; path = "../../RockingWithSwift/P4-WebView/P4-WebView/Assets.xcassets"; sourceTree = "<group>"; };
		58E25262228E58EE00E1B43C /* appSearchViewController.swift */ = {isa = PBXFileReference; lastKnownFileType = sourcecode.swift; path = appSearchViewController.swift; sourceTree = "<group>"; wrapsLines = 1; };
		58E25264228EFE9500E1B43C /* searchResultCell.swift */ = {isa = PBXFileReference; lastKnownFileType = sourcecode.swift; path = searchResultCell.swift; sourceTree = "<group>"; };
/* End PBXFileReference section */

/* Begin PBXFrameworksBuildPhase section */
		58E25245228E264D00E1B43C /* Frameworks */ = {
			isa = PBXFrameworksBuildPhase;
			buildActionMask = 2147483647;
			files = (
			);
			runOnlyForDeploymentPostprocessing = 0;
		};
/* End PBXFrameworksBuildPhase section */

/* Begin PBXGroup section */
		588C58CC2290599400D0F305 /* Models */ = {
			isa = PBXGroup;
			children = (
				588C58CE2290854000D0F305 /* appSearchResult.swift */,
			);
			path = Models;
			sourceTree = "<group>";
		};
		588C58CD229059AD00D0F305 /* Network Service */ = {
			isa = PBXGroup;
			children = (
			);
			path = "Network Service";
			sourceTree = "<group>";
		};
		58E2523F228E264D00E1B43C = {
			isa = PBXGroup;
			children = (
				58E2524A228E264D00E1B43C /* AppStore */,
				58E25249228E264D00E1B43C /* Products */,
			);
			sourceTree = "<group>";
		};
		58E25249228E264D00E1B43C /* Products */ = {
			isa = PBXGroup;
			children = (
				58E25248228E264D00E1B43C /* AppStore.app */,
			);
			name = Products;
			sourceTree = "<group>";
		};
		58E2524A228E264D00E1B43C /* AppStore */ = {
			isa = PBXGroup;
			children = (
				588C58CD229059AD00D0F305 /* Network Service */,
				588C58CC2290599400D0F305 /* Models */,
				58E25266228FAF3800E1B43C /* Utilis */,
				58E25261228E58AF00E1B43C /* Controller */,
				58E2524B228E264D00E1B43C /* AppDelegate.swift */,
				58E2524F228E264D00E1B43C /* Main.storyboard */,
				58E2525F228E40C800E1B43C /* Assets.xcassets */,
				58E25254228E264E00E1B43C /* LaunchScreen.storyboard */,
				58E25257228E264E00E1B43C /* Info.plist */,
			);
			path = AppStore;
			sourceTree = "<group>";
		};
		58E25261228E58AF00E1B43C /* Controller */ = {
			isa = PBXGroup;
			children = (
				58E2525D228E278000E1B43C /* TabBarController.swift */,
				58E25262228E58EE00E1B43C /* appSearchViewController.swift */,
				58E25264228EFE9500E1B43C /* searchResultCell.swift */,
				58E2524D228E264D00E1B43C /* ViewController.swift */,
			);
			path = Controller;
			sourceTree = "<group>";
		};
		58E25266228FAF3800E1B43C /* Utilis */ = {
			isa = PBXGroup;
			children = (
				588C58CA228FC2DF00D0F305 /* utilityFile.swift */,
			);
			path = Utilis;
			sourceTree = "<group>";
		};
/* End PBXGroup section */

/* Begin PBXNativeTarget section */
		58E25247228E264D00E1B43C /* AppStore */ = {
			isa = PBXNativeTarget;
			buildConfigurationList = 58E2525A228E264E00E1B43C /* Build configuration list for PBXNativeTarget "AppStore" */;
			buildPhases = (
				58E25244228E264D00E1B43C /* Sources */,
				58E25245228E264D00E1B43C /* Frameworks */,
				58E25246228E264D00E1B43C /* Resources */,
			);
			buildRules = (
			);
			dependencies = (
			);
			name = AppStore;
			productName = AppStore;
			productReference = 58E25248228E264D00E1B43C /* AppStore.app */;
			productType = "com.apple.product-type.application";
		};
/* End PBXNativeTarget section */

/* Begin PBXProject section */
		58E25240228E264D00E1B43C /* Project object */ = {
			isa = PBXProject;
			attributes = {
				LastSwiftUpdateCheck = 1020;
				LastUpgradeCheck = 1020;
				ORGANIZATIONNAME = "The Future I Dream";
				TargetAttributes = {
					58E25247228E264D00E1B43C = {
						CreatedOnToolsVersion = 10.2.1;
					};
				};
			};
			buildConfigurationList = 58E25243228E264D00E1B43C /* Build configuration list for PBXProject "AppStore" */;
			compatibilityVersion = "Xcode 9.3";
			developmentRegion = en;
			hasScannedForEncodings = 0;
			knownRegions = (
				en,
				Base,
			);
			mainGroup = 58E2523F228E264D00E1B43C;
			productRefGroup = 58E25249228E264D00E1B43C /* Products */;
			projectDirPath = "";
			projectRoot = "";
			targets = (
				58E25247228E264D00E1B43C /* AppStore */,
			);
		};
/* End PBXProject section */

/* Begin PBXResourcesBuildPhase section */
		58E25246228E264D00E1B43C /* Resources */ = {
			isa = PBXResourcesBuildPhase;
			buildActionMask = 2147483647;
			files = (
				58E25256228E264E00E1B43C /* LaunchScreen.storyboard in Resources */,
				58E25260228E40C800E1B43C /* Assets.xcassets in Resources */,
				58E25251228E264D00E1B43C /* Main.storyboard in Resources */,
			);
			runOnlyForDeploymentPostprocessing = 0;
		};
/* End PBXResourcesBuildPhase section */

/* Begin PBXSourcesBuildPhase section */
		58E25244228E264D00E1B43C /* Sources */ = {
			isa = PBXSourcesBuildPhase;
			buildActionMask = 2147483647;
			files = (
				58E2525E228E278000E1B43C /* TabBarController.swift in Sources */,
				58E2524E228E264D00E1B43C /* ViewController.swift in Sources */,
				588C58CF2290854000D0F305 /* appSearchResult.swift in Sources */,
				58E25263228E58EE00E1B43C /* appSearchViewController.swift in Sources */,
				58E25265228EFE9500E1B43C /* searchResultCell.swift in Sources */,
				588C58CB228FC2DF00D0F305 /* utilityFile.swift in Sources */,
				58E2524C228E264D00E1B43C /* AppDelegate.swift in Sources */,
			);
			runOnlyForDeploymentPostprocessing = 0;
		};
/* End PBXSourcesBuildPhase section */

/* Begin PBXVariantGroup section */
		58E2524F228E264D00E1B43C /* Main.storyboard */ = {
			isa = PBXVariantGroup;
			children = (
				58E25250228E264D00E1B43C /* Base */,
			);
			name = Main.storyboard;
			sourceTree = "<group>";
		};
		58E25254228E264E00E1B43C /* LaunchScreen.storyboard */ = {
			isa = PBXVariantGroup;
			children = (
				58E25255228E264E00E1B43C /* Base */,
			);
			name = LaunchScreen.storyboard;
			sourceTree = "<group>";
		};
/* End PBXVariantGroup section */

/* Begin XCBuildConfiguration section */
		58E25258228E264E00E1B43C /* Debug */ = {
			isa = XCBuildConfiguration;
			buildSettings = {
				ALWAYS_SEARCH_USER_PATHS = NO;
				CLANG_ANALYZER_NONNULL = YES;
				CLANG_ANALYZER_NUMBER_OBJECT_CONVERSION = YES_AGGRESSIVE;
				CLANG_CXX_LANGUAGE_STANDARD = "gnu++14";
				CLANG_CXX_LIBRARY = "libc++";
				CLANG_ENABLE_MODULES = YES;
				CLANG_ENABLE_OBJC_ARC = YES;
				CLANG_ENABLE_OBJC_WEAK = YES;
				CLANG_WARN_BLOCK_CAPTURE_AUTORELEASING = YES;
				CLANG_WARN_BOOL_CONVERSION = YES;
				CLANG_WARN_COMMA = YES;
				CLANG_WARN_CONSTANT_CONVERSION = YES;
				CLANG_WARN_DEPRECATED_OBJC_IMPLEMENTATIONS = YES;
				CLANG_WARN_DIRECT_OBJC_ISA_USAGE = YES_ERROR;
				CLANG_WARN_DOCUMENTATION_COMMENTS = YES;
				CLANG_WARN_EMPTY_BODY = YES;
				CLANG_WARN_ENUM_CONVERSION = YES;
				CLANG_WARN_INFINITE_RECURSION = YES;
				CLANG_WARN_INT_CONVERSION = YES;
				CLANG_WARN_NON_LITERAL_NULL_CONVERSION = YES;
				CLANG_WARN_OBJC_IMPLICIT_RETAIN_SELF = YES;
				CLANG_WARN_OBJC_LITERAL_CONVERSION = YES;
				CLANG_WARN_OBJC_ROOT_CLASS = YES_ERROR;
				CLANG_WARN_RANGE_LOOP_ANALYSIS = YES;
				CLANG_WARN_STRICT_PROTOTYPES = YES;
				CLANG_WARN_SUSPICIOUS_MOVE = YES;
				CLANG_WARN_UNGUARDED_AVAILABILITY = YES_AGGRESSIVE;
				CLANG_WARN_UNREACHABLE_CODE = YES;
				CLANG_WARN__DUPLICATE_METHOD_MATCH = YES;
				CODE_SIGN_IDENTITY = "iPhone Developer";
				COPY_PHASE_STRIP = NO;
				DEBUG_INFORMATION_FORMAT = dwarf;
				ENABLE_STRICT_OBJC_MSGSEND = YES;
				ENABLE_TESTABILITY = YES;
				GCC_C_LANGUAGE_STANDARD = gnu11;
				GCC_DYNAMIC_NO_PIC = NO;
				GCC_NO_COMMON_BLOCKS = YES;
				GCC_OPTIMIZATION_LEVEL = 0;
				GCC_PREPROCESSOR_DEFINITIONS = (
					"DEBUG=1",
					"$(inherited)",
				);
				GCC_WARN_64_TO_32_BIT_CONVERSION = YES;
				GCC_WARN_ABOUT_RETURN_TYPE = YES_ERROR;
				GCC_WARN_UNDECLARED_SELECTOR = YES;
				GCC_WARN_UNINITIALIZED_AUTOS = YES_AGGRESSIVE;
				GCC_WARN_UNUSED_FUNCTION = YES;
				GCC_WARN_UNUSED_VARIABLE = YES;
				IPHONEOS_DEPLOYMENT_TARGET = 12.2;
				MTL_ENABLE_DEBUG_INFO = INCLUDE_SOURCE;
				MTL_FAST_MATH = YES;
				ONLY_ACTIVE_ARCH = YES;
				SDKROOT = iphoneos;
				SWIFT_ACTIVE_COMPILATION_CONDITIONS = DEBUG;
				SWIFT_OPTIMIZATION_LEVEL = "-Onone";
			};
			name = Debug;
		};
		58E25259228E264E00E1B43C /* Release */ = {
			isa = XCBuildConfiguration;
			buildSettings = {
				ALWAYS_SEARCH_USER_PATHS = NO;
				CLANG_ANALYZER_NONNULL = YES;
				CLANG_ANALYZER_NUMBER_OBJECT_CONVERSION = YES_AGGRESSIVE;
				CLANG_CXX_LANGUAGE_STANDARD = "gnu++14";
				CLANG_CXX_LIBRARY = "libc++";
				CLANG_ENABLE_MODULES = YES;
				CLANG_ENABLE_OBJC_ARC = YES;
				CLANG_ENABLE_OBJC_WEAK = YES;
				CLANG_WARN_BLOCK_CAPTURE_AUTORELEASING = YES;
				CLANG_WARN_BOOL_CONVERSION = YES;
				CLANG_WARN_COMMA = YES;
				CLANG_WARN_CONSTANT_CONVERSION = YES;
				CLANG_WARN_DEPRECATED_OBJC_IMPLEMENTATIONS = YES;
				CLANG_WARN_DIRECT_OBJC_ISA_USAGE = YES_ERROR;
				CLANG_WARN_DOCUMENTATION_COMMENTS = YES;
				CLANG_WARN_EMPTY_BODY = YES;
				CLANG_WARN_ENUM_CONVERSION = YES;
				CLANG_WARN_INFINITE_RECURSION = YES;
				CLANG_WARN_INT_CONVERSION = YES;
				CLANG_WARN_NON_LITERAL_NULL_CONVERSION = YES;
				CLANG_WARN_OBJC_IMPLICIT_RETAIN_SELF = YES;
				CLANG_WARN_OBJC_LITERAL_CONVERSION = YES;
				CLANG_WARN_OBJC_ROOT_CLASS = YES_ERROR;
				CLANG_WARN_RANGE_LOOP_ANALYSIS = YES;
				CLANG_WARN_STRICT_PROTOTYPES = YES;
				CLANG_WARN_SUSPICIOUS_MOVE = YES;
				CLANG_WARN_UNGUARDED_AVAILABILITY = YES_AGGRESSIVE;
				CLANG_WARN_UNREACHABLE_CODE = YES;
				CLANG_WARN__DUPLICATE_METHOD_MATCH = YES;
				CODE_SIGN_IDENTITY = "iPhone Developer";
				COPY_PHASE_STRIP = NO;
				DEBUG_INFORMATION_FORMAT = "dwarf-with-dsym";
				ENABLE_NS_ASSERTIONS = NO;
				ENABLE_STRICT_OBJC_MSGSEND = YES;
				GCC_C_LANGUAGE_STANDARD = gnu11;
				GCC_NO_COMMON_BLOCKS = YES;
				GCC_WARN_64_TO_32_BIT_CONVERSION = YES;
				GCC_WARN_ABOUT_RETURN_TYPE = YES_ERROR;
				GCC_WARN_UNDECLARED_SELECTOR = YES;
				GCC_WARN_UNINITIALIZED_AUTOS = YES_AGGRESSIVE;
				GCC_WARN_UNUSED_FUNCTION = YES;
				GCC_WARN_UNUSED_VARIABLE = YES;
				IPHONEOS_DEPLOYMENT_TARGET = 12.2;
				MTL_ENABLE_DEBUG_INFO = NO;
				MTL_FAST_MATH = YES;
				SDKROOT = iphoneos;
				SWIFT_COMPILATION_MODE = wholemodule;
				SWIFT_OPTIMIZATION_LEVEL = "-O";
				VALIDATE_PRODUCT = YES;
			};
			name = Release;
		};
		58E2525B228E264E00E1B43C /* Debug */ = {
			isa = XCBuildConfiguration;
			buildSettings = {
				ASSETCATALOG_COMPILER_APPICON_NAME = AppIcon;
				CODE_SIGN_STYLE = Automatic;
				DEVELOPMENT_TEAM = 2VP5DL32DC;
				INFOPLIST_FILE = AppStore/Info.plist;
				LD_RUNPATH_SEARCH_PATHS = (
					"$(inherited)",
					"@executable_path/Frameworks",
				);
				PRODUCT_BUNDLE_IDENTIFIER = mariak.AppStore;
				PRODUCT_NAME = "$(TARGET_NAME)";
				SWIFT_VERSION = 5.0;
				TARGETED_DEVICE_FAMILY = "1,2";
			};
			name = Debug;
		};
		58E2525C228E264E00E1B43C /* Release */ = {
			isa = XCBuildConfiguration;
			buildSettings = {
				ASSETCATALOG_COMPILER_APPICON_NAME = AppIcon;
				CODE_SIGN_STYLE = Automatic;
				DEVELOPMENT_TEAM = 2VP5DL32DC;
				INFOPLIST_FILE = AppStore/Info.plist;
				LD_RUNPATH_SEARCH_PATHS = (
					"$(inherited)",
					"@executable_path/Frameworks",
				);
				PRODUCT_BUNDLE_IDENTIFIER = mariak.AppStore;
				PRODUCT_NAME = "$(TARGET_NAME)";
				SWIFT_VERSION = 5.0;
				TARGETED_DEVICE_FAMILY = "1,2";
			};
			name = Release;
		};
/* End XCBuildConfiguration section */

/* Begin XCConfigurationList section */
		58E25243228E264D00E1B43C /* Build configuration list for PBXProject "AppStore" */ = {
			isa = XCConfigurationList;
			buildConfigurations = (
				58E25258228E264E00E1B43C /* Debug */,
				58E25259228E264E00E1B43C /* Release */,
			);
			defaultConfigurationIsVisible = 0;
			defaultConfigurationName = Release;
		};
		58E2525A228E264E00E1B43C /* Build configuration list for PBXNativeTarget "AppStore" */ = {
			isa = XCConfigurationList;
			buildConfigurations = (
				58E2525B228E264E00E1B43C /* Debug */,
				58E2525C228E264E00E1B43C /* Release */,
			);
			defaultConfigurationIsVisible = 0;
			defaultConfigurationName = Release;
		};
/* End XCConfigurationList section */
	};
	rootObject = 58E25240228E264D00E1B43C /* Project object */;
}
